
Microsoft Visual Studio Solution File, Format Version 12.00
# Visual Studio Version 16
VisualStudioVersion = 16.0.33927.289
MinimumVisualStudioVersion = 10.0.40219.1
Project("{8BC9CEB8-8B4A-11D0-8D11-00A0C91BC942}") = "class_Hierarchy", "class_Hierarchy.vcxproj", "{D0C2991D-5991-49EC-B0C9-46D425A89D91}"
EndProject
Global
	GlobalSection(SolutionConfigurationPlatforms) = preSolution
		Debug|x64 = Debug|x64
		Debug|x86 = Debug|x86
		Release|x64 = Release|x64
		Release|x86 = Release|x86
	EndGlobalSection
	GlobalSection(ProjectConfigurationPlatforms) = postSolution
		{D0C2991D-5991-49EC-B0C9-46D425A89D91}.Debug|x64.ActiveCfg = Debug|x64
		{D0C2991D-5991-49EC-B0C9-46D425A89D91}.Debug|x64.Build.0 = Debug|x64
		{D0C2991D-5991-49EC-B0C9-46D425A89D91}.Debug|x86.ActiveCfg = Debug|Win32
		{D0C2991D-5991-49EC-B0C9-46D425A89D91}.Debug|x86.Build.0 = Debug|Win32
		{D0C2991D-5991-49EC-B0C9-46D425A89D91}.Release|x64.ActiveCfg = Release|x64
		{D0C2991D-5991-49EC-B0C9-46D425A89D91}.Release|x64.Build.0 = Release|x64
		{D0C2991D-5991-49EC-B0C9-46D425A89D91}.Release|x86.ActiveCfg = Release|Win32
		{D0C2991D-5991-49EC-B0C9-46D425A89D91}.Release|x86.Build.0 = Release|Win32
	EndGlobalSection
	GlobalSection(SolutionProperties) = preSolution
		HideSolutionNode = FALSE
	EndGlobalSection
	GlobalSection(ExtensibilityGlobals) = postSolution
		SolutionGuid = {9B904319-60A8-452A-BB3F-2E1C7AB7BBE8}
	EndGlobalSection
EndGlobal
